# This file is automatically @generated by Poetry 1.4.2 and should not be changed by hand.

[[package]]
name = "autocommand"
version = "2.2.2"
description = "A library to create a command-line program from a function"
category = "main"
optional = false
python-versions = ">=3.7"
files = [
    {file = "autocommand-2.2.2-py3-none-any.whl", hash = "sha256:710afe251075e038e19e815e25f8155cabe02196cfb545b2185e0d9c8b2b0459"},
    {file = "autocommand-2.2.2.tar.gz", hash = "sha256:878de9423c5596491167225c2a455043c3130fb5b7286ac83443d45e74955f34"},
]

[[package]]
name = "cfgv"
version = "3.3.1"
description = "Validate configuration and produce human readable error messages."
category = "dev"
optional = false
python-versions = ">=3.6.1"
files = [
    {file = "cfgv-3.3.1-py2.py3-none-any.whl", hash = "sha256:c6a0883f3917a037485059700b9e75da2464e6c27051014ad85ba6aaa5884426"},
    {file = "cfgv-3.3.1.tar.gz", hash = "sha256:f5a830efb9ce7a445376bb66ec94c638a9787422f96264c98edc6bdeed8ab736"},
]

[[package]]
name = "colorama"
version = "0.4.6"
description = "Cross-platform colored terminal text."
category = "dev"
optional = false
python-versions = "!=3.0.*,!=3.1.*,!=3.2.*,!=3.3.*,!=3.4.*,!=3.5.*,!=3.6.*,>=2.7"
files = [
    {file = "colorama-0.4.6-py2.py3-none-any.whl", hash = "sha256:4f1d9991f5acc0ca119f9d443620b77f9d6b33703e51011c16baf57afb285fc6"},
    {file = "colorama-0.4.6.tar.gz", hash = "sha256:08695f5cb7ed6e0531a20572697297273c47b8cae5a63ffc6d6ed5c201be6e44"},
]

[[package]]
name = "coverage"
version = "7.2.3"
description = "Code coverage measurement for Python"
category = "dev"
optional = false
python-versions = ">=3.7"
files = [
    {file = "coverage-7.2.3-cp310-cp310-macosx_10_9_x86_64.whl", hash = "sha256:e58c0d41d336569d63d1b113bd573db8363bc4146f39444125b7f8060e4e04f5"},
    {file = "coverage-7.2.3-cp310-cp310-macosx_11_0_arm64.whl", hash = "sha256:344e714bd0fe921fc72d97404ebbdbf9127bac0ca1ff66d7b79efc143cf7c0c4"},
    {file = "coverage-7.2.3-cp310-cp310-manylinux_2_17_aarch64.manylinux2014_aarch64.whl", hash = "sha256:974bc90d6f6c1e59ceb1516ab00cf1cdfbb2e555795d49fa9571d611f449bcb2"},
    {file = "coverage-7.2.3-cp310-cp310-manylinux_2_5_i686.manylinux1_i686.manylinux_2_17_i686.manylinux2014_i686.whl", hash = "sha256:0743b0035d4b0e32bc1df5de70fba3059662ace5b9a2a86a9f894cfe66569013"},
    {file = "coverage-7.2.3-cp310-cp310-manylinux_2_5_x86_64.manylinux1_x86_64.manylinux_2_17_x86_64.manylinux2014_x86_64.whl", hash = "sha256:5d0391fb4cfc171ce40437f67eb050a340fdbd0f9f49d6353a387f1b7f9dd4fa"},
    {file = "coverage-7.2.3-cp310-cp310-musllinux_1_1_aarch64.whl", hash = "sha256:4a42e1eff0ca9a7cb7dc9ecda41dfc7cbc17cb1d02117214be0561bd1134772b"},
    {file = "coverage-7.2.3-cp310-cp310-musllinux_1_1_i686.whl", hash = "sha256:be19931a8dcbe6ab464f3339966856996b12a00f9fe53f346ab3be872d03e257"},
    {file = "coverage-7.2.3-cp310-cp310-musllinux_1_1_x86_64.whl", hash = "sha256:72fcae5bcac3333a4cf3b8f34eec99cea1187acd55af723bcbd559adfdcb5535"},
    {file = "coverage-7.2.3-cp310-cp310-win32.whl", hash = "sha256:aeae2aa38395b18106e552833f2a50c27ea0000122bde421c31d11ed7e6f9c91"},
    {file = "coverage-7.2.3-cp310-cp310-win_amd64.whl", hash = "sha256:83957d349838a636e768251c7e9979e899a569794b44c3728eaebd11d848e58e"},
    {file = "coverage-7.2.3-cp311-cp311-macosx_10_9_x86_64.whl", hash = "sha256:dfd393094cd82ceb9b40df4c77976015a314b267d498268a076e940fe7be6b79"},
    {file = "coverage-7.2.3-cp311-cp311-macosx_11_0_arm64.whl", hash = "sha256:182eb9ac3f2b4874a1f41b78b87db20b66da6b9cdc32737fbbf4fea0c35b23fc"},
    {file = "coverage-7.2.3-cp311-cp311-manylinux_2_17_aarch64.manylinux2014_aarch64.whl", hash = "sha256:1bb1e77a9a311346294621be905ea8a2c30d3ad371fc15bb72e98bfcfae532df"},
    {file = "coverage-7.2.3-cp311-cp311-manylinux_2_5_i686.manylinux1_i686.manylinux_2_17_i686.manylinux2014_i686.whl", hash = "sha256:ca0f34363e2634deffd390a0fef1aa99168ae9ed2af01af4a1f5865e362f8623"},
    {file = "coverage-7.2.3-cp311-cp311-manylinux_2_5_x86_64.manylinux1_x86_64.manylinux_2_17_x86_64.manylinux2014_x86_64.whl", hash = "sha256:55416d7385774285b6e2a5feca0af9652f7f444a4fa3d29d8ab052fafef9d00d"},
    {file = "coverage-7.2.3-cp311-cp311-musllinux_1_1_aarch64.whl", hash = "sha256:06ddd9c0249a0546997fdda5a30fbcb40f23926df0a874a60a8a185bc3a87d93"},
    {file = "coverage-7.2.3-cp311-cp311-musllinux_1_1_i686.whl", hash = "sha256:fff5aaa6becf2c6a1699ae6a39e2e6fb0672c2d42eca8eb0cafa91cf2e9bd312"},
    {file = "coverage-7.2.3-cp311-cp311-musllinux_1_1_x86_64.whl", hash = "sha256:ea53151d87c52e98133eb8ac78f1206498c015849662ca8dc246255265d9c3c4"},
    {file = "coverage-7.2.3-cp311-cp311-win32.whl", hash = "sha256:8f6c930fd70d91ddee53194e93029e3ef2aabe26725aa3c2753df057e296b925"},
    {file = "coverage-7.2.3-cp311-cp311-win_amd64.whl", hash = "sha256:fa546d66639d69aa967bf08156eb8c9d0cd6f6de84be9e8c9819f52ad499c910"},
    {file = "coverage-7.2.3-cp37-cp37m-macosx_10_9_x86_64.whl", hash = "sha256:b2317d5ed777bf5a033e83d4f1389fd4ef045763141d8f10eb09a7035cee774c"},
    {file = "coverage-7.2.3-cp37-cp37m-manylinux_2_17_aarch64.manylinux2014_aarch64.whl", hash = "sha256:be9824c1c874b73b96288c6d3de793bf7f3a597770205068c6163ea1f326e8b9"},
    {file = "coverage-7.2.3-cp37-cp37m-manylinux_2_5_i686.manylinux1_i686.manylinux_2_17_i686.manylinux2014_i686.whl", hash = "sha256:2c3b2803e730dc2797a017335827e9da6da0e84c745ce0f552e66400abdfb9a1"},
    {file = "coverage-7.2.3-cp37-cp37m-manylinux_2_5_x86_64.manylinux1_x86_64.manylinux_2_17_x86_64.manylinux2014_x86_64.whl", hash = "sha256:8f69770f5ca1994cb32c38965e95f57504d3aea96b6c024624fdd5bb1aa494a1"},
    {file = "coverage-7.2.3-cp37-cp37m-musllinux_1_1_aarch64.whl", hash = "sha256:1127b16220f7bfb3f1049ed4a62d26d81970a723544e8252db0efde853268e21"},
    {file = "coverage-7.2.3-cp37-cp37m-musllinux_1_1_i686.whl", hash = "sha256:aa784405f0c640940595fa0f14064d8e84aff0b0f762fa18393e2760a2cf5841"},
    {file = "coverage-7.2.3-cp37-cp37m-musllinux_1_1_x86_64.whl", hash = "sha256:3146b8e16fa60427e03884301bf8209221f5761ac754ee6b267642a2fd354c48"},
    {file = "coverage-7.2.3-cp37-cp37m-win32.whl", hash = "sha256:1fd78b911aea9cec3b7e1e2622c8018d51c0d2bbcf8faaf53c2497eb114911c1"},
    {file = "coverage-7.2.3-cp37-cp37m-win_amd64.whl", hash = "sha256:0f3736a5d34e091b0a611964c6262fd68ca4363df56185902528f0b75dbb9c1f"},
    {file = "coverage-7.2.3-cp38-cp38-macosx_10_9_x86_64.whl", hash = "sha256:981b4df72c93e3bc04478153df516d385317628bd9c10be699c93c26ddcca8ab"},
    {file = "coverage-7.2.3-cp38-cp38-macosx_11_0_arm64.whl", hash = "sha256:c0045f8f23a5fb30b2eb3b8a83664d8dc4fb58faddf8155d7109166adb9f2040"},
    {file = "coverage-7.2.3-cp38-cp38-manylinux_2_17_aarch64.manylinux2014_aarch64.whl", hash = "sha256:f760073fcf8f3d6933178d67754f4f2d4e924e321f4bb0dcef0424ca0215eba1"},
    {file = "coverage-7.2.3-cp38-cp38-manylinux_2_5_i686.manylinux1_i686.manylinux_2_17_i686.manylinux2014_i686.whl", hash = "sha256:c86bd45d1659b1ae3d0ba1909326b03598affbc9ed71520e0ff8c31a993ad911"},
    {file = "coverage-7.2.3-cp38-cp38-manylinux_2_5_x86_64.manylinux1_x86_64.manylinux_2_17_x86_64.manylinux2014_x86_64.whl", hash = "sha256:172db976ae6327ed4728e2507daf8a4de73c7cc89796483e0a9198fd2e47b462"},
    {file = "coverage-7.2.3-cp38-cp38-musllinux_1_1_aarch64.whl", hash = "sha256:d2a3a6146fe9319926e1d477842ca2a63fe99af5ae690b1f5c11e6af074a6b5c"},
    {file = "coverage-7.2.3-cp38-cp38-musllinux_1_1_i686.whl", hash = "sha256:f649dd53833b495c3ebd04d6eec58479454a1784987af8afb77540d6c1767abd"},
    {file = "coverage-7.2.3-cp38-cp38-musllinux_1_1_x86_64.whl", hash = "sha256:7c4ed4e9f3b123aa403ab424430b426a1992e6f4c8fd3cb56ea520446e04d152"},
    {file = "coverage-7.2.3-cp38-cp38-win32.whl", hash = "sha256:eb0edc3ce9760d2f21637766c3aa04822030e7451981ce569a1b3456b7053f22"},
    {file = "coverage-7.2.3-cp38-cp38-win_amd64.whl", hash = "sha256:63cdeaac4ae85a179a8d6bc09b77b564c096250d759eed343a89d91bce8b6367"},
    {file = "coverage-7.2.3-cp39-cp39-macosx_10_9_x86_64.whl", hash = "sha256:20d1a2a76bb4eb00e4d36b9699f9b7aba93271c9c29220ad4c6a9581a0320235"},
    {file = "coverage-7.2.3-cp39-cp39-macosx_11_0_arm64.whl", hash = "sha256:4ea748802cc0de4de92ef8244dd84ffd793bd2e7be784cd8394d557a3c751e21"},
    {file = "coverage-7.2.3-cp39-cp39-manylinux_2_17_aarch64.manylinux2014_aarch64.whl", hash = "sha256:21b154aba06df42e4b96fc915512ab39595105f6c483991287021ed95776d934"},
    {file = "coverage-7.2.3-cp39-cp39-manylinux_2_5_i686.manylinux1_i686.manylinux_2_17_i686.manylinux2014_i686.whl", hash = "sha256:fd214917cabdd6f673a29d708574e9fbdb892cb77eb426d0eae3490d95ca7859"},
    {file = "coverage-7.2.3-cp39-cp39-manylinux_2_5_x86_64.manylinux1_x86_64.manylinux_2_17_x86_64.manylinux2014_x86_64.whl", hash = "sha256:2c2e58e45fe53fab81f85474e5d4d226eeab0f27b45aa062856c89389da2f0d9"},
    {file = "coverage-7.2.3-cp39-cp39-musllinux_1_1_aarch64.whl", hash = "sha256:87ecc7c9a1a9f912e306997ffee020297ccb5ea388421fe62a2a02747e4d5539"},
    {file = "coverage-7.2.3-cp39-cp39-musllinux_1_1_i686.whl", hash = "sha256:387065e420aed3c71b61af7e82c7b6bc1c592f7e3c7a66e9f78dd178699da4fe"},
    {file = "coverage-7.2.3-cp39-cp39-musllinux_1_1_x86_64.whl", hash = "sha256:ea3f5bc91d7d457da7d48c7a732beaf79d0c8131df3ab278e6bba6297e23c6c4"},
    {file = "coverage-7.2.3-cp39-cp39-win32.whl", hash = "sha256:ae7863a1d8db6a014b6f2ff9c1582ab1aad55a6d25bac19710a8df68921b6e30"},
    {file = "coverage-7.2.3-cp39-cp39-win_amd64.whl", hash = "sha256:3f04becd4fcda03c0160d0da9c8f0c246bc78f2f7af0feea1ec0930e7c93fa4a"},
    {file = "coverage-7.2.3-pp37.pp38.pp39-none-any.whl", hash = "sha256:965ee3e782c7892befc25575fa171b521d33798132692df428a09efacaffe8d0"},
    {file = "coverage-7.2.3.tar.gz", hash = "sha256:d298c2815fa4891edd9abe5ad6e6cb4207104c7dd9fd13aea3fdebf6f9b91259"},
]

[package.extras]
toml = ["tomli"]

[[package]]
name = "distlib"
version = "0.3.6"
description = "Distribution utilities"
category = "dev"
optional = false
python-versions = "*"
files = [
    {file = "distlib-0.3.6-py2.py3-none-any.whl", hash = "sha256:f35c4b692542ca110de7ef0bea44d73981caeb34ca0b9b6b2e6d7790dda8f80e"},
    {file = "distlib-0.3.6.tar.gz", hash = "sha256:14bad2d9b04d3a36127ac97f30b12a19268f211063d8f8ee4f47108896e11b46"},
]

[[package]]
name = "exceptiongroup"
version = "1.1.1"
description = "Backport of PEP 654 (exception groups)"
category = "dev"
optional = false
python-versions = ">=3.7"
files = [
    {file = "exceptiongroup-1.1.1-py3-none-any.whl", hash = "sha256:232c37c63e4f682982c8b6459f33a8981039e5fb8756b2074364e5055c498c9e"},
    {file = "exceptiongroup-1.1.1.tar.gz", hash = "sha256:d484c3090ba2889ae2928419117447a14daf3c1231d5e30d0aae34f354f01785"},
]

[package.extras]
test = ["pytest (>=6)"]

[[package]]
name = "filelock"
version = "3.11.0"
description = "A platform independent file lock."
category = "dev"
optional = false
python-versions = ">=3.7"
files = [
    {file = "filelock-3.11.0-py3-none-any.whl", hash = "sha256:f08a52314748335c6460fc8fe40cd5638b85001225db78c2aa01c8c0db83b318"},
    {file = "filelock-3.11.0.tar.gz", hash = "sha256:3618c0da67adcc0506b015fd11ef7faf1b493f0b40d87728e19986b536890c37"},
]

[package.extras]
docs = ["furo (>=2023.3.27)", "sphinx (>=6.1.3)", "sphinx-autodoc-typehints (>=1.22,!=1.23.4)"]
testing = ["covdefaults (>=2.3)", "coverage (>=7.2.2)", "diff-cover (>=7.5)", "pytest (>=7.2.2)", "pytest-cov (>=4)", "pytest-mock (>=3.10)", "pytest-timeout (>=2.1)"]

[[package]]
name = "gitdb"
version = "4.0.10"
description = "Git Object Database"
category = "dev"
optional = false
python-versions = ">=3.7"
files = [
    {file = "gitdb-4.0.10-py3-none-any.whl", hash = "sha256:c286cf298426064079ed96a9e4a9d39e7f3e9bf15ba60701e95f5492f28415c7"},
    {file = "gitdb-4.0.10.tar.gz", hash = "sha256:6eb990b69df4e15bad899ea868dc46572c3f75339735663b81de79b06f17eb9a"},
]

[package.dependencies]
smmap = ">=3.0.1,<6"

[[package]]
name = "gitpython"
version = "3.1.31"
description = "GitPython is a Python library used to interact with Git repositories"
category = "dev"
optional = false
python-versions = ">=3.7"
files = [
    {file = "GitPython-3.1.31-py3-none-any.whl", hash = "sha256:f04893614f6aa713a60cbbe1e6a97403ef633103cdd0ef5eb6efe0deb98dbe8d"},
    {file = "GitPython-3.1.31.tar.gz", hash = "sha256:8ce3bcf69adfdf7c7d503e78fd3b1c492af782d58893b650adb2ac8912ddd573"},
]

[package.dependencies]
gitdb = ">=4.0.1,<5"

[[package]]
name = "identify"
version = "2.5.22"
description = "File identification library for Python"
category = "dev"
optional = false
python-versions = ">=3.7"
files = [
    {file = "identify-2.5.22-py2.py3-none-any.whl", hash = "sha256:f0faad595a4687053669c112004178149f6c326db71ee999ae4636685753ad2f"},
    {file = "identify-2.5.22.tar.gz", hash = "sha256:f7a93d6cf98e29bd07663c60728e7a4057615068d7a639d132dc883b2d54d31e"},
]

[package.extras]
license = ["ukkonen"]

[[package]]
name = "importlib-resources"
version = "5.12.0"
description = "Read resources from Python packages"
category = "main"
optional = false
python-versions = ">=3.7"
files = [
    {file = "importlib_resources-5.12.0-py3-none-any.whl", hash = "sha256:7b1deeebbf351c7578e09bf2f63fa2ce8b5ffec296e0d349139d43cca061a81a"},
    {file = "importlib_resources-5.12.0.tar.gz", hash = "sha256:4be82589bf5c1d7999aedf2a45159d10cb3ca4f19b2271f8792bc8e6da7b22f6"},
]

[package.dependencies]
zipp = {version = ">=3.1.0", markers = "python_version < \"3.10\""}

[package.extras]
docs = ["furo", "jaraco.packaging (>=9)", "jaraco.tidelift (>=1.4)", "rst.linker (>=1.9)", "sphinx (>=3.5)", "sphinx-lint"]
testing = ["flake8 (<5)", "pytest (>=6)", "pytest-black (>=0.3.7)", "pytest-checkdocs (>=2.4)", "pytest-cov", "pytest-enabler (>=1.3)", "pytest-flake8", "pytest-mypy (>=0.9.1)"]

[[package]]
name = "inflect"
version = "6.0.4"
description = "Correctly generate plurals, singular nouns, ordinals, indefinite articles; convert numbers to words"
category = "main"
optional = false
python-versions = ">=3.7"
files = [
    {file = "inflect-6.0.4-py3-none-any.whl", hash = "sha256:2d592e7e4eafb6e51f9c626c5dd4288f5ce55981eaac9b342e868ead95ead5c3"},
    {file = "inflect-6.0.4.tar.gz", hash = "sha256:1842649a17b6cad66812a5c9bdfacb6310e1e7b6dd8a31f026766df1b62612eb"},
]

[package.dependencies]
pydantic = ">=1.9.1"

[package.extras]
docs = ["furo", "jaraco.packaging (>=9)", "jaraco.tidelift (>=1.4)", "rst.linker (>=1.9)", "sphinx (>=3.5)", "sphinx-lint"]
testing = ["flake8 (<5)", "pygments", "pytest (>=6)", "pytest-black (>=0.3.7)", "pytest-checkdocs (>=2.4)", "pytest-cov", "pytest-enabler (>=1.3)", "pytest-flake8", "pytest-mypy (>=0.9.1)"]

[[package]]
name = "iniconfig"
version = "2.0.0"
description = "brain-dead simple config-ini parsing"
category = "dev"
optional = false
python-versions = ">=3.7"
files = [
    {file = "iniconfig-2.0.0-py3-none-any.whl", hash = "sha256:b6a85871a79d2e3b22d2d1b94ac2824226a63c6b741c88f7ae975f18b6778374"},
    {file = "iniconfig-2.0.0.tar.gz", hash = "sha256:2d91e135bf72d31a410b17c16da610a82cb55f6b0477d1a902134b24a455b8b3"},
]

[[package]]
name = "irc"
version = "20.1.0"
description = "IRC (Internet Relay Chat) protocol library for Python"
category = "main"
optional = false
python-versions = ">=3.7"
files = [
    {file = "irc-20.1.0-py3-none-any.whl", hash = "sha256:5114aee1247ff634abed80f3349d75ccab35616a4b76be2a25add7ef189db0e5"},
    {file = "irc-20.1.0.tar.gz", hash = "sha256:b6f737932dd4791f3b18e319de7b7daf02d2285a6bea263d101f4d8e553807ec"},
]

[package.dependencies]
"jaraco.collections" = "*"
"jaraco.functools" = ">=1.20"
"jaraco.logging" = "*"
"jaraco.stream" = "*"
"jaraco.text" = "*"
more-itertools = "*"
pytz = "*"
tempora = ">=1.6"

[package.extras]
docs = ["jaraco.packaging (>=9)", "jaraco.tidelift (>=1.4)", "rst.linker (>=1.9)", "sphinx"]
testing = ["pygments", "pytest (>=6)", "pytest-black (>=0.3.7)", "pytest-checkdocs (>=2.4)", "pytest-cov", "pytest-enabler (>=1.3)", "pytest-flake8", "pytest-mypy (>=0.9.1)"]

[[package]]
name = "jaraco-collections"
version = "4.1.0"
description = "Collection objects similar to those in stdlib by jaraco"
category = "main"
optional = false
python-versions = ">=3.7"
files = [
    {file = "jaraco.collections-4.1.0-py3-none-any.whl", hash = "sha256:50df4efbacb296d9e03c7f9387af0ecb01fab5ae37349499da4881c5fb1a56ec"},
    {file = "jaraco.collections-4.1.0.tar.gz", hash = "sha256:4f5a36aa6aa196dc13a9d0575aa442e9fedab664b9b12e83810f2333ef6c3e57"},
]

[package.dependencies]
"jaraco.text" = "*"

[package.extras]
docs = ["furo", "jaraco.packaging (>=9)", "jaraco.tidelift (>=1.4)", "rst.linker (>=1.9)", "sphinx (>=3.5)", "sphinx-lint"]
testing = ["flake8 (<5)", "pytest (>=6)", "pytest-black (>=0.3.7)", "pytest-checkdocs (>=2.4)", "pytest-cov", "pytest-enabler (>=1.3)", "pytest-flake8", "pytest-mypy (>=0.9.1)"]

[[package]]
name = "jaraco-context"
version = "4.3.0"
description = "Context managers by jaraco"
category = "main"
optional = false
python-versions = ">=3.7"
files = [
    {file = "jaraco.context-4.3.0-py3-none-any.whl", hash = "sha256:5d9e95ca0faa78943ed66f6bc658dd637430f16125d86988e77844c741ff2f11"},
    {file = "jaraco.context-4.3.0.tar.gz", hash = "sha256:4dad2404540b936a20acedec53355bdaea223acb88fd329fa6de9261c941566e"},
]

[package.extras]
docs = ["furo", "jaraco.packaging (>=9)", "jaraco.tidelift (>=1.4)", "rst.linker (>=1.9)", "sphinx (>=3.5)", "sphinx-lint"]
testing = ["flake8 (<5)", "pytest (>=6)", "pytest-black (>=0.3.7)", "pytest-checkdocs (>=2.4)", "pytest-cov", "pytest-enabler (>=1.3)", "pytest-flake8", "pytest-mypy (>=0.9.1)"]

[[package]]
name = "jaraco-functools"
version = "3.6.0"
description = "Functools like those found in stdlib"
category = "main"
optional = false
python-versions = ">=3.7"
files = [
    {file = "jaraco.functools-3.6.0-py3-none-any.whl", hash = "sha256:f43fdb95a9b96e85eb2a5126481cb7c96cf342dc9ff4d4d45d322186d33720b8"},
    {file = "jaraco.functools-3.6.0.tar.gz", hash = "sha256:2e1a3be11abaecee5f5ab8dd589638be8304cc4cb91361fe5e683f4b6d9fb7a3"},
]

[package.dependencies]
more-itertools = "*"

[package.extras]
docs = ["furo", "jaraco.packaging (>=9)", "jaraco.tidelift (>=1.4)", "rst.linker (>=1.9)", "sphinx (>=3.5)", "sphinx-lint"]
testing = ["flake8 (<5)", "jaraco.classes", "pytest (>=6)", "pytest-black (>=0.3.7)", "pytest-checkdocs (>=2.4)", "pytest-cov", "pytest-enabler (>=1.3)", "pytest-flake8", "pytest-mypy (>=0.9.1)"]

[[package]]
name = "jaraco-logging"
version = "3.1.2"
description = "Support for Python logging facility"
category = "main"
optional = false
python-versions = ">=3.7"
files = [
    {file = "jaraco.logging-3.1.2-py3-none-any.whl", hash = "sha256:1dd1c01faba569d976ae9cad5b009c7ae132786dc58c5e9edd0efa069d9e0410"},
    {file = "jaraco.logging-3.1.2.tar.gz", hash = "sha256:93a70b8b3767779ad6c7b56ee98579ced77b69f16abbcae749f62c2c59e67931"},
]

[package.dependencies]
tempora = "*"

[package.extras]
docs = ["jaraco.packaging (>=9)", "rst.linker (>=1.9)", "sphinx"]
testing = ["flake8 (<5)", "pytest (>=6)", "pytest-black (>=0.3.7)", "pytest-checkdocs (>=2.4)", "pytest-cov", "pytest-enabler (>=1.3)", "pytest-flake8"]

[[package]]
name = "jaraco-stream"
version = "3.0.3"
description = "routines for dealing with data streams"
category = "main"
optional = false
python-versions = ">=3.6"
files = [
    {file = "jaraco.stream-3.0.3-py3-none-any.whl", hash = "sha256:7fe38f25767b717afcf3ca79ec8fff06e85ae166fb5e42da58cc2a581bc9db39"},
    {file = "jaraco.stream-3.0.3.tar.gz", hash = "sha256:3af4b0441090ee65bd6dde930d29f93f50c4a2fe6048e2a9d288285f5e4dc441"},
]

[package.extras]
docs = ["jaraco.packaging (>=8.2)", "rst.linker (>=1.9)", "sphinx"]
testing = ["more-itertools", "pytest (>=4.6)", "pytest-black (>=0.3.7)", "pytest-checkdocs (>=2.4)", "pytest-cov", "pytest-enabler (>=1.0.1)", "pytest-flake8", "pytest-mypy"]

[[package]]
name = "jaraco-text"
version = "3.11.1"
description = "Module for text manipulation"
category = "main"
optional = false
python-versions = ">=3.7"
files = [
    {file = "jaraco.text-3.11.1-py3-none-any.whl", hash = "sha256:e5e881f377c416f756ad9db9bbaa5a64ff19608c1c8fe350910689f75747d146"},
    {file = "jaraco.text-3.11.1.tar.gz", hash = "sha256:333a5df2148f7139718607cdf352fe1d95162971a7299c380dcc24dab0168980"},
]

[package.dependencies]
autocommand = "*"
importlib-resources = {version = "*", markers = "python_version < \"3.9\""}
inflect = "*"
"jaraco.context" = ">=4.1"
"jaraco.functools" = "*"
more-itertools = "*"

[package.extras]
docs = ["furo", "jaraco.packaging (>=9)", "jaraco.tidelift (>=1.4)", "rst.linker (>=1.9)", "sphinx (>=3.5)", "sphinx-lint"]
testing = ["flake8 (<5)", "pathlib2", "pytest (>=6)", "pytest-black (>=0.3.7)", "pytest-checkdocs (>=2.4)", "pytest-cov", "pytest-enabler (>=1.3)", "pytest-flake8", "pytest-mypy (>=0.9.1)"]

[[package]]
name = "more-itertools"
version = "9.1.0"
description = "More routines for operating on iterables, beyond itertools"
category = "main"
optional = false
python-versions = ">=3.7"
files = [
    {file = "more-itertools-9.1.0.tar.gz", hash = "sha256:cabaa341ad0389ea83c17a94566a53ae4c9d07349861ecb14dc6d0345cf9ac5d"},
    {file = "more_itertools-9.1.0-py3-none-any.whl", hash = "sha256:d2bc7f02446e86a68911e58ded76d6561eea00cddfb2a91e7019bbb586c799f3"},
]

[[package]]
name = "nodeenv"
version = "1.7.0"
description = "Node.js virtual environment builder"
category = "dev"
optional = false
python-versions = ">=2.7,!=3.0.*,!=3.1.*,!=3.2.*,!=3.3.*,!=3.4.*,!=3.5.*,!=3.6.*"
files = [
    {file = "nodeenv-1.7.0-py2.py3-none-any.whl", hash = "sha256:27083a7b96a25f2f5e1d8cb4b6317ee8aeda3bdd121394e5ac54e498028a042e"},
    {file = "nodeenv-1.7.0.tar.gz", hash = "sha256:e0e7f7dfb85fc5394c6fe1e8fa98131a2473e04311a45afb6508f7cf1836fa2b"},
]

[package.dependencies]
setuptools = "*"

[[package]]
name = "packaging"
version = "23.0"
description = "Core utilities for Python packages"
category = "dev"
optional = false
python-versions = ">=3.7"
files = [
    {file = "packaging-23.0-py3-none-any.whl", hash = "sha256:714ac14496c3e68c99c29b00845f7a2b85f3bb6f1078fd9f72fd20f0570002b2"},
    {file = "packaging-23.0.tar.gz", hash = "sha256:b6ad297f8907de0fa2fe1ccbd26fdaf387f5f47c7275fedf8cce89f99446cf97"},
]

[[package]]
name = "platformdirs"
version = "3.2.0"
description = "A small Python package for determining appropriate platform-specific dirs, e.g. a \"user data dir\"."
category = "dev"
optional = false
python-versions = ">=3.7"
files = [
    {file = "platformdirs-3.2.0-py3-none-any.whl", hash = "sha256:ebe11c0d7a805086e99506aa331612429a72ca7cd52a1f0d277dc4adc20cb10e"},
    {file = "platformdirs-3.2.0.tar.gz", hash = "sha256:d5b638ca397f25f979350ff789db335903d7ea010ab28903f57b27e1b16c2b08"},
]

[package.extras]
docs = ["furo (>=2022.12.7)", "proselint (>=0.13)", "sphinx (>=6.1.3)", "sphinx-autodoc-typehints (>=1.22,!=1.23.4)"]
test = ["appdirs (==1.4.4)", "covdefaults (>=2.3)", "pytest (>=7.2.2)", "pytest-cov (>=4)", "pytest-mock (>=3.10)"]

[[package]]
name = "pluggy"
version = "1.0.0"
description = "plugin and hook calling mechanisms for python"
category = "dev"
optional = false
python-versions = ">=3.6"
files = [
    {file = "pluggy-1.0.0-py2.py3-none-any.whl", hash = "sha256:74134bbf457f031a36d68416e1509f34bd5ccc019f0bcc952c7b909d06b37bd3"},
    {file = "pluggy-1.0.0.tar.gz", hash = "sha256:4224373bacce55f955a878bf9cfa763c1e360858e330072059e10bad68531159"},
]

[package.extras]
dev = ["pre-commit", "tox"]
testing = ["pytest", "pytest-benchmark"]

[[package]]
name = "pre-commit"
version = "3.2.2"
description = "A framework for managing and maintaining multi-language pre-commit hooks."
category = "dev"
optional = false
python-versions = ">=3.8"
files = [
    {file = "pre_commit-3.2.2-py2.py3-none-any.whl", hash = "sha256:0b4210aea813fe81144e87c5a291f09ea66f199f367fa1df41b55e1d26e1e2b4"},
    {file = "pre_commit-3.2.2.tar.gz", hash = "sha256:5b808fcbda4afbccf6d6633a56663fed35b6c2bc08096fd3d47ce197ac351d9d"},
]

[package.dependencies]
cfgv = ">=2.0.0"
identify = ">=1.0.0"
nodeenv = ">=0.11.1"
pyyaml = ">=5.1"
virtualenv = ">=20.10.0"

[[package]]
name = "pydantic"
version = "1.10.7"
description = "Data validation and settings management using python type hints"
category = "main"
optional = false
python-versions = ">=3.7"
files = [
    {file = "pydantic-1.10.7-cp310-cp310-macosx_10_9_x86_64.whl", hash = "sha256:e79e999e539872e903767c417c897e729e015872040e56b96e67968c3b918b2d"},
    {file = "pydantic-1.10.7-cp310-cp310-macosx_11_0_arm64.whl", hash = "sha256:01aea3a42c13f2602b7ecbbea484a98169fb568ebd9e247593ea05f01b884b2e"},
    {file = "pydantic-1.10.7-cp310-cp310-manylinux_2_17_x86_64.manylinux2014_x86_64.whl", hash = "sha256:516f1ed9bc2406a0467dd777afc636c7091d71f214d5e413d64fef45174cfc7a"},
    {file = "pydantic-1.10.7-cp310-cp310-manylinux_2_5_i686.manylinux1_i686.manylinux_2_17_i686.manylinux2014_i686.whl", hash = "sha256:ae150a63564929c675d7f2303008d88426a0add46efd76c3fc797cd71cb1b46f"},
    {file = "pydantic-1.10.7-cp310-cp310-musllinux_1_1_i686.whl", hash = "sha256:ecbbc51391248116c0a055899e6c3e7ffbb11fb5e2a4cd6f2d0b93272118a209"},
    {file = "pydantic-1.10.7-cp310-cp310-musllinux_1_1_x86_64.whl", hash = "sha256:f4a2b50e2b03d5776e7f21af73e2070e1b5c0d0df255a827e7c632962f8315af"},
    {file = "pydantic-1.10.7-cp310-cp310-win_amd64.whl", hash = "sha256:a7cd2251439988b413cb0a985c4ed82b6c6aac382dbaff53ae03c4b23a70e80a"},
    {file = "pydantic-1.10.7-cp311-cp311-macosx_10_9_x86_64.whl", hash = "sha256:68792151e174a4aa9e9fc1b4e653e65a354a2fa0fed169f7b3d09902ad2cb6f1"},
    {file = "pydantic-1.10.7-cp311-cp311-macosx_11_0_arm64.whl", hash = "sha256:dfe2507b8ef209da71b6fb5f4e597b50c5a34b78d7e857c4f8f3115effaef5fe"},
    {file = "pydantic-1.10.7-cp311-cp311-manylinux_2_17_x86_64.manylinux2014_x86_64.whl", hash = "sha256:10a86d8c8db68086f1e30a530f7d5f83eb0685e632e411dbbcf2d5c0150e8dcd"},
    {file = "pydantic-1.10.7-cp311-cp311-manylinux_2_5_i686.manylinux1_i686.manylinux_2_17_i686.manylinux2014_i686.whl", hash = "sha256:d75ae19d2a3dbb146b6f324031c24f8a3f52ff5d6a9f22f0683694b3afcb16fb"},
    {file = "pydantic-1.10.7-cp311-cp311-musllinux_1_1_i686.whl", hash = "sha256:464855a7ff7f2cc2cf537ecc421291b9132aa9c79aef44e917ad711b4a93163b"},
    {file = "pydantic-1.10.7-cp311-cp311-musllinux_1_1_x86_64.whl", hash = "sha256:193924c563fae6ddcb71d3f06fa153866423ac1b793a47936656e806b64e24ca"},
    {file = "pydantic-1.10.7-cp311-cp311-win_amd64.whl", hash = "sha256:b4a849d10f211389502059c33332e91327bc154acc1845f375a99eca3afa802d"},
    {file = "pydantic-1.10.7-cp37-cp37m-macosx_10_9_x86_64.whl", hash = "sha256:cc1dde4e50a5fc1336ee0581c1612215bc64ed6d28d2c7c6f25d2fe3e7c3e918"},
    {file = "pydantic-1.10.7-cp37-cp37m-manylinux_2_17_x86_64.manylinux2014_x86_64.whl", hash = "sha256:e0cfe895a504c060e5d36b287ee696e2fdad02d89e0d895f83037245218a87fe"},
    {file = "pydantic-1.10.7-cp37-cp37m-manylinux_2_5_i686.manylinux1_i686.manylinux_2_17_i686.manylinux2014_i686.whl", hash = "sha256:670bb4683ad1e48b0ecb06f0cfe2178dcf74ff27921cdf1606e527d2617a81ee"},
    {file = "pydantic-1.10.7-cp37-cp37m-musllinux_1_1_i686.whl", hash = "sha256:950ce33857841f9a337ce07ddf46bc84e1c4946d2a3bba18f8280297157a3fd1"},
    {file = "pydantic-1.10.7-cp37-cp37m-musllinux_1_1_x86_64.whl", hash = "sha256:c15582f9055fbc1bfe50266a19771bbbef33dd28c45e78afbe1996fd70966c2a"},
    {file = "pydantic-1.10.7-cp37-cp37m-win_amd64.whl", hash = "sha256:82dffb306dd20bd5268fd6379bc4bfe75242a9c2b79fec58e1041fbbdb1f7914"},
    {file = "pydantic-1.10.7-cp38-cp38-macosx_10_9_x86_64.whl", hash = "sha256:8c7f51861d73e8b9ddcb9916ae7ac39fb52761d9ea0df41128e81e2ba42886cd"},
    {file = "pydantic-1.10.7-cp38-cp38-macosx_11_0_arm64.whl", hash = "sha256:6434b49c0b03a51021ade5c4daa7d70c98f7a79e95b551201fff682fc1661245"},
    {file = "pydantic-1.10.7-cp38-cp38-manylinux_2_17_x86_64.manylinux2014_x86_64.whl", hash = "sha256:64d34ab766fa056df49013bb6e79921a0265204c071984e75a09cbceacbbdd5d"},
    {file = "pydantic-1.10.7-cp38-cp38-manylinux_2_5_i686.manylinux1_i686.manylinux_2_17_i686.manylinux2014_i686.whl", hash = "sha256:701daea9ffe9d26f97b52f1d157e0d4121644f0fcf80b443248434958fd03dc3"},
    {file = "pydantic-1.10.7-cp38-cp38-musllinux_1_1_i686.whl", hash = "sha256:cf135c46099ff3f919d2150a948ce94b9ce545598ef2c6c7bf55dca98a304b52"},
    {file = "pydantic-1.10.7-cp38-cp38-musllinux_1_1_x86_64.whl", hash = "sha256:b0f85904f73161817b80781cc150f8b906d521fa11e3cdabae19a581c3606209"},
    {file = "pydantic-1.10.7-cp38-cp38-win_amd64.whl", hash = "sha256:9f6f0fd68d73257ad6685419478c5aece46432f4bdd8d32c7345f1986496171e"},
    {file = "pydantic-1.10.7-cp39-cp39-macosx_10_9_x86_64.whl", hash = "sha256:c230c0d8a322276d6e7b88c3f7ce885f9ed16e0910354510e0bae84d54991143"},
    {file = "pydantic-1.10.7-cp39-cp39-macosx_11_0_arm64.whl", hash = "sha256:976cae77ba6a49d80f461fd8bba183ff7ba79f44aa5cfa82f1346b5626542f8e"},
    {file = "pydantic-1.10.7-cp39-cp39-manylinux_2_17_x86_64.manylinux2014_x86_64.whl", hash = "sha256:7d45fc99d64af9aaf7e308054a0067fdcd87ffe974f2442312372dfa66e1001d"},
    {file = "pydantic-1.10.7-cp39-cp39-manylinux_2_5_i686.manylinux1_i686.manylinux_2_17_i686.manylinux2014_i686.whl", hash = "sha256:d2a5ebb48958754d386195fe9e9c5106f11275867051bf017a8059410e9abf1f"},
    {file = "pydantic-1.10.7-cp39-cp39-musllinux_1_1_i686.whl", hash = "sha256:abfb7d4a7cd5cc4e1d1887c43503a7c5dd608eadf8bc615413fc498d3e4645cd"},
    {file = "pydantic-1.10.7-cp39-cp39-musllinux_1_1_x86_64.whl", hash = "sha256:80b1fab4deb08a8292d15e43a6edccdffa5377a36a4597bb545b93e79c5ff0a5"},
    {file = "pydantic-1.10.7-cp39-cp39-win_amd64.whl", hash = "sha256:d71e69699498b020ea198468e2480a2f1e7433e32a3a99760058c6520e2bea7e"},
    {file = "pydantic-1.10.7-py3-none-any.whl", hash = "sha256:0cd181f1d0b1d00e2b705f1bf1ac7799a2d938cce3376b8007df62b29be3c2c6"},
    {file = "pydantic-1.10.7.tar.gz", hash = "sha256:cfc83c0678b6ba51b0532bea66860617c4cd4251ecf76e9846fa5a9f3454e97e"},
]

[package.dependencies]
typing-extensions = ">=4.2.0"

[package.extras]
dotenv = ["python-dotenv (>=0.10.4)"]
email = ["email-validator (>=1.0.3)"]

[[package]]
name = "pyserial"
version = "3.5"
description = "Python Serial Port Extension"
category = "main"
optional = false
python-versions = "*"
files = [
    {file = "pyserial-3.5-py2.py3-none-any.whl", hash = "sha256:c4451db6ba391ca6ca299fb3ec7bae67a5c55dde170964c7a14ceefec02f2cf0"},
    {file = "pyserial-3.5.tar.gz", hash = "sha256:3c77e014170dfffbd816e6ffc205e9842efb10be9f58ec16d3e8675b4925cddb"},
]

[package.extras]
cp2110 = ["hidapi"]

[[package]]
name = "pytest"
version = "7.3.0"
description = "pytest: simple powerful testing with Python"
category = "dev"
optional = false
python-versions = ">=3.7"
files = [
    {file = "pytest-7.3.0-py3-none-any.whl", hash = "sha256:933051fa1bfbd38a21e73c3960cebdad4cf59483ddba7696c48509727e17f201"},
    {file = "pytest-7.3.0.tar.gz", hash = "sha256:58ecc27ebf0ea643ebfdf7fb1249335da761a00c9f955bcd922349bcb68ee57d"},
]

[package.dependencies]
colorama = {version = "*", markers = "sys_platform == \"win32\""}
exceptiongroup = {version = ">=1.0.0rc8", markers = "python_version < \"3.11\""}
iniconfig = "*"
packaging = "*"
pluggy = ">=0.12,<2.0"
tomli = {version = ">=1.0.0", markers = "python_version < \"3.11\""}

[package.extras]
testing = ["argcomplete", "attrs (>=19.2.0)", "hypothesis (>=3.56)", "mock", "nose", "pygments (>=2.7.2)", "requests", "xmlschema"]

[[package]]
name = "pytz"
version = "2023.3"
description = "World timezone definitions, modern and historical"
category = "main"
optional = false
python-versions = "*"
files = [
    {file = "pytz-2023.3-py2.py3-none-any.whl", hash = "sha256:a151b3abb88eda1d4e34a9814df37de2a80e301e68ba0fd856fb9b46bfbbbffb"},
    {file = "pytz-2023.3.tar.gz", hash = "sha256:1d8ce29db189191fb55338ee6d0387d82ab59f3d00eac103412d64e0ebd0c588"},
]

[[package]]
name = "pyyaml"
version = "6.0"
description = "YAML parser and emitter for Python"
category = "main"
optional = false
python-versions = ">=3.6"
files = [
    {file = "PyYAML-6.0-cp310-cp310-macosx_10_9_x86_64.whl", hash = "sha256:d4db7c7aef085872ef65a8fd7d6d09a14ae91f691dec3e87ee5ee0539d516f53"},
    {file = "PyYAML-6.0-cp310-cp310-macosx_11_0_arm64.whl", hash = "sha256:9df7ed3b3d2e0ecfe09e14741b857df43adb5a3ddadc919a2d94fbdf78fea53c"},
    {file = "PyYAML-6.0-cp310-cp310-manylinux_2_17_aarch64.manylinux2014_aarch64.whl", hash = "sha256:77f396e6ef4c73fdc33a9157446466f1cff553d979bd00ecb64385760c6babdc"},
    {file = "PyYAML-6.0-cp310-cp310-manylinux_2_17_s390x.manylinux2014_s390x.whl", hash = "sha256:a80a78046a72361de73f8f395f1f1e49f956c6be882eed58505a15f3e430962b"},
    {file = "PyYAML-6.0-cp310-cp310-manylinux_2_5_x86_64.manylinux1_x86_64.manylinux_2_12_x86_64.manylinux2010_x86_64.whl", hash = "sha256:f84fbc98b019fef2ee9a1cb3ce93e3187a6df0b2538a651bfb890254ba9f90b5"},
    {file = "PyYAML-6.0-cp310-cp310-win32.whl", hash = "sha256:2cd5df3de48857ed0544b34e2d40e9fac445930039f3cfe4bcc592a1f836d513"},
    {file = "PyYAML-6.0-cp310-cp310-win_amd64.whl", hash = "sha256:daf496c58a8c52083df09b80c860005194014c3698698d1a57cbcfa182142a3a"},
    {file = "PyYAML-6.0-cp311-cp311-macosx_10_9_x86_64.whl", hash = "sha256:d4b0ba9512519522b118090257be113b9468d804b19d63c71dbcf4a48fa32358"},
    {file = "PyYAML-6.0-cp311-cp311-macosx_11_0_arm64.whl", hash = "sha256:81957921f441d50af23654aa6c5e5eaf9b06aba7f0a19c18a538dc7ef291c5a1"},
    {file = "PyYAML-6.0-cp311-cp311-manylinux_2_17_aarch64.manylinux2014_aarch64.whl", hash = "sha256:afa17f5bc4d1b10afd4466fd3a44dc0e245382deca5b3c353d8b757f9e3ecb8d"},
    {file = "PyYAML-6.0-cp311-cp311-manylinux_2_17_s390x.manylinux2014_s390x.whl", hash = "sha256:dbad0e9d368bb989f4515da330b88a057617d16b6a8245084f1b05400f24609f"},
    {file = "PyYAML-6.0-cp311-cp311-manylinux_2_17_x86_64.manylinux2014_x86_64.whl", hash = "sha256:432557aa2c09802be39460360ddffd48156e30721f5e8d917f01d31694216782"},
    {file = "PyYAML-6.0-cp311-cp311-win32.whl", hash = "sha256:bfaef573a63ba8923503d27530362590ff4f576c626d86a9fed95822a8255fd7"},
    {file = "PyYAML-6.0-cp311-cp311-win_amd64.whl", hash = "sha256:01b45c0191e6d66c470b6cf1b9531a771a83c1c4208272ead47a3ae4f2f603bf"},
    {file = "PyYAML-6.0-cp36-cp36m-macosx_10_9_x86_64.whl", hash = "sha256:897b80890765f037df3403d22bab41627ca8811ae55e9a722fd0392850ec4d86"},
    {file = "PyYAML-6.0-cp36-cp36m-manylinux_2_17_aarch64.manylinux2014_aarch64.whl", hash = "sha256:50602afada6d6cbfad699b0c7bb50d5ccffa7e46a3d738092afddc1f9758427f"},
    {file = "PyYAML-6.0-cp36-cp36m-manylinux_2_17_s390x.manylinux2014_s390x.whl", hash = "sha256:48c346915c114f5fdb3ead70312bd042a953a8ce5c7106d5bfb1a5254e47da92"},
    {file = "PyYAML-6.0-cp36-cp36m-manylinux_2_5_x86_64.manylinux1_x86_64.manylinux_2_12_x86_64.manylinux2010_x86_64.whl", hash = "sha256:98c4d36e99714e55cfbaaee6dd5badbc9a1ec339ebfc3b1f52e293aee6bb71a4"},
    {file = "PyYAML-6.0-cp36-cp36m-win32.whl", hash = "sha256:0283c35a6a9fbf047493e3a0ce8d79ef5030852c51e9d911a27badfde0605293"},
    {file = "PyYAML-6.0-cp36-cp36m-win_amd64.whl", hash = "sha256:07751360502caac1c067a8132d150cf3d61339af5691fe9e87803040dbc5db57"},
    {file = "PyYAML-6.0-cp37-cp37m-macosx_10_9_x86_64.whl", hash = "sha256:819b3830a1543db06c4d4b865e70ded25be52a2e0631ccd2f6a47a2822f2fd7c"},
    {file = "PyYAML-6.0-cp37-cp37m-manylinux_2_17_aarch64.manylinux2014_aarch64.whl", hash = "sha256:473f9edb243cb1935ab5a084eb238d842fb8f404ed2193a915d1784b5a6b5fc0"},
    {file = "PyYAML-6.0-cp37-cp37m-manylinux_2_17_s390x.manylinux2014_s390x.whl", hash = "sha256:0ce82d761c532fe4ec3f87fc45688bdd3a4c1dc5e0b4a19814b9009a29baefd4"},
    {file = "PyYAML-6.0-cp37-cp37m-manylinux_2_5_x86_64.manylinux1_x86_64.manylinux_2_12_x86_64.manylinux2010_x86_64.whl", hash = "sha256:231710d57adfd809ef5d34183b8ed1eeae3f76459c18fb4a0b373ad56bedcdd9"},
    {file = "PyYAML-6.0-cp37-cp37m-win32.whl", hash = "sha256:c5687b8d43cf58545ade1fe3e055f70eac7a5a1a0bf42824308d868289a95737"},
    {file = "PyYAML-6.0-cp37-cp37m-win_amd64.whl", hash = "sha256:d15a181d1ecd0d4270dc32edb46f7cb7733c7c508857278d3d378d14d606db2d"},
    {file = "PyYAML-6.0-cp38-cp38-macosx_10_9_x86_64.whl", hash = "sha256:0b4624f379dab24d3725ffde76559cff63d9ec94e1736b556dacdfebe5ab6d4b"},
    {file = "PyYAML-6.0-cp38-cp38-manylinux_2_17_aarch64.manylinux2014_aarch64.whl", hash = "sha256:213c60cd50106436cc818accf5baa1aba61c0189ff610f64f4a3e8c6726218ba"},
    {file = "PyYAML-6.0-cp38-cp38-manylinux_2_17_s390x.manylinux2014_s390x.whl", hash = "sha256:9fa600030013c4de8165339db93d182b9431076eb98eb40ee068700c9c813e34"},
    {file = "PyYAML-6.0-cp38-cp38-manylinux_2_5_x86_64.manylinux1_x86_64.manylinux_2_12_x86_64.manylinux2010_x86_64.whl", hash = "sha256:277a0ef2981ca40581a47093e9e2d13b3f1fbbeffae064c1d21bfceba2030287"},
    {file = "PyYAML-6.0-cp38-cp38-win32.whl", hash = "sha256:d4eccecf9adf6fbcc6861a38015c2a64f38b9d94838ac1810a9023a0609e1b78"},
    {file = "PyYAML-6.0-cp38-cp38-win_amd64.whl", hash = "sha256:1e4747bc279b4f613a09eb64bba2ba602d8a6664c6ce6396a4d0cd413a50ce07"},
    {file = "PyYAML-6.0-cp39-cp39-macosx_10_9_x86_64.whl", hash = "sha256:055d937d65826939cb044fc8c9b08889e8c743fdc6a32b33e2390f66013e449b"},
    {file = "PyYAML-6.0-cp39-cp39-macosx_11_0_arm64.whl", hash = "sha256:e61ceaab6f49fb8bdfaa0f92c4b57bcfbea54c09277b1b4f7ac376bfb7a7c174"},
    {file = "PyYAML-6.0-cp39-cp39-manylinux_2_17_aarch64.manylinux2014_aarch64.whl", hash = "sha256:d67d839ede4ed1b28a4e8909735fc992a923cdb84e618544973d7dfc71540803"},
    {file = "PyYAML-6.0-cp39-cp39-manylinux_2_17_s390x.manylinux2014_s390x.whl", hash = "sha256:cba8c411ef271aa037d7357a2bc8f9ee8b58b9965831d9e51baf703280dc73d3"},
    {file = "PyYAML-6.0-cp39-cp39-manylinux_2_5_x86_64.manylinux1_x86_64.manylinux_2_12_x86_64.manylinux2010_x86_64.whl", hash = "sha256:40527857252b61eacd1d9af500c3337ba8deb8fc298940291486c465c8b46ec0"},
    {file = "PyYAML-6.0-cp39-cp39-win32.whl", hash = "sha256:b5b9eccad747aabaaffbc6064800670f0c297e52c12754eb1d976c57e4f74dcb"},
    {file = "PyYAML-6.0-cp39-cp39-win_amd64.whl", hash = "sha256:b3d267842bf12586ba6c734f89d1f5b871df0273157918b0ccefa29deb05c21c"},
    {file = "PyYAML-6.0.tar.gz", hash = "sha256:68fb519c14306fec9720a2a5b45bc9f0c8d1b9c72adf45c37baedfcd949c35a2"},
]

[[package]]
name = "setuptools"
version = "67.6.1"
description = "Easily download, build, install, upgrade, and uninstall Python packages"
category = "dev"
optional = false
python-versions = ">=3.7"
files = [
    {file = "setuptools-67.6.1-py3-none-any.whl", hash = "sha256:e728ca814a823bf7bf60162daf9db95b93d532948c4c0bea762ce62f60189078"},
    {file = "setuptools-67.6.1.tar.gz", hash = "sha256:257de92a9d50a60b8e22abfcbb771571fde0dbf3ec234463212027a4eeecbe9a"},
]

[package.extras]
docs = ["furo", "jaraco.packaging (>=9)", "jaraco.tidelift (>=1.4)", "pygments-github-lexers (==0.0.5)", "rst.linker (>=1.9)", "sphinx (>=3.5)", "sphinx-favicon", "sphinx-hoverxref (<2)", "sphinx-inline-tabs", "sphinx-lint", "sphinx-notfound-page (==0.8.3)", "sphinx-reredirects", "sphinxcontrib-towncrier"]
testing = ["build[virtualenv]", "filelock (>=3.4.0)", "flake8 (<5)", "flake8-2020", "ini2toml[lite] (>=0.9)", "jaraco.envs (>=2.2)", "jaraco.path (>=3.2.0)", "pip (>=19.1)", "pip-run (>=8.8)", "pytest (>=6)", "pytest-black (>=0.3.7)", "pytest-checkdocs (>=2.4)", "pytest-cov", "pytest-enabler (>=1.3)", "pytest-flake8", "pytest-mypy (>=0.9.1)", "pytest-perf", "pytest-timeout", "pytest-xdist", "tomli-w (>=1.0.0)", "virtualenv (>=13.0.0)", "wheel"]
testing-integration = ["build[virtualenv]", "filelock (>=3.4.0)", "jaraco.envs (>=2.2)", "jaraco.path (>=3.2.0)", "pytest", "pytest-enabler", "pytest-xdist", "tomli", "virtualenv (>=13.0.0)", "wheel"]

[[package]]
name = "smmap"
version = "5.0.0"
description = "A pure Python implementation of a sliding window memory map manager"
category = "dev"
optional = false
python-versions = ">=3.6"
files = [
    {file = "smmap-5.0.0-py3-none-any.whl", hash = "sha256:2aba19d6a040e78d8b09de5c57e96207b09ed71d8e55ce0959eeee6c8e190d94"},
    {file = "smmap-5.0.0.tar.gz", hash = "sha256:c840e62059cd3be204b0c9c9f74be2c09d5648eddd4580d9314c3ecde0b30936"},
]

[[package]]
name = "tempora"
version = "5.2.1"
description = "Objects and routines pertaining to date and time (tempora)"
category = "main"
optional = false
python-versions = ">=3.7"
files = [
    {file = "tempora-5.2.1-py3-none-any.whl", hash = "sha256:6a04665b35a2e0c3bef2aa71ce15d3d381b912e4fc3340b0b8a73719c2aeeb75"},
    {file = "tempora-5.2.1.tar.gz", hash = "sha256:b7176486c5948a75201e8d0b21ef2c23ca808474060df47218c92295bdce5276"},
]

[package.dependencies]
"jaraco.functools" = ">=1.20"
pytz = "*"

[package.extras]
docs = ["furo", "jaraco.packaging (>=9)", "jaraco.tidelift (>=1.4)", "rst.linker (>=1.9)", "sphinx (>=3.5)", "sphinx-lint"]
testing = ["backports.unittest-mock", "flake8 (<5)", "freezegun", "pytest (>=6)", "pytest-black (>=0.3.7)", "pytest-checkdocs (>=2.4)", "pytest-cov", "pytest-enabler (>=1.3)", "pytest-flake8", "pytest-freezegun", "pytest-mypy (>=0.9.1)", "types-freezegun", "types-pytz"]

[[package]]
name = "tomli"
version = "2.0.1"
description = "A lil' TOML parser"
category = "dev"
optional = false
python-versions = ">=3.7"
files = [
    {file = "tomli-2.0.1-py3-none-any.whl", hash = "sha256:939de3e7a6161af0c887ef91b7d41a53e7c5a1ca976325f429cb46ea9bc30ecc"},
    {file = "tomli-2.0.1.tar.gz", hash = "sha256:de526c12914f0c550d15924c62d72abc48d6fe7364aa87328337a31007fe8a4f"},
]

[[package]]
name = "typing-extensions"
version = "4.5.0"
description = "Backported and Experimental Type Hints for Python 3.7+"
category = "main"
optional = false
python-versions = ">=3.7"
files = [
    {file = "typing_extensions-4.5.0-py3-none-any.whl", hash = "sha256:fb33085c39dd998ac16d1431ebc293a8b3eedd00fd4a32de0ff79002c19511b4"},
    {file = "typing_extensions-4.5.0.tar.gz", hash = "sha256:5cb5f4a79139d699607b3ef622a1dedafa84e115ab0024e0d9c044a9479ca7cb"},
]

[[package]]
name = "virtualenv"
version = "20.21.0"
description = "Virtual Python Environment builder"
category = "dev"
optional = false
python-versions = ">=3.7"
files = [
    {file = "virtualenv-20.21.0-py3-none-any.whl", hash = "sha256:31712f8f2a17bd06234fa97fdf19609e789dd4e3e4bf108c3da71d710651adbc"},
    {file = "virtualenv-20.21.0.tar.gz", hash = "sha256:f50e3e60f990a0757c9b68333c9fdaa72d7188caa417f96af9e52407831a3b68"},
]

[package.dependencies]
distlib = ">=0.3.6,<1"
filelock = ">=3.4.1,<4"
platformdirs = ">=2.4,<4"

[package.extras]
docs = ["furo (>=2022.12.7)", "proselint (>=0.13)", "sphinx (>=6.1.3)", "sphinx-argparse (>=0.4)", "sphinxcontrib-towncrier (>=0.2.1a0)", "towncrier (>=22.12)"]
test = ["covdefaults (>=2.2.2)", "coverage (>=7.1)", "coverage-enable-subprocess (>=1)", "flaky (>=3.7)", "packaging (>=23)", "pytest (>=7.2.1)", "pytest-env (>=0.8.1)", "pytest-freezegun (>=0.4.2)", "pytest-mock (>=3.10)", "pytest-randomly (>=3.12)", "pytest-timeout (>=2.1)"]

[[package]]
name = "zipp"
version = "3.15.0"
description = "Backport of pathlib-compatible object wrapper for zip files"
category = "main"
optional = false
python-versions = ">=3.7"
files = [
    {file = "zipp-3.15.0-py3-none-any.whl", hash = "sha256:48904fc76a60e542af151aded95726c1a5c34ed43ab4134b597665c86d7ad556"},
    {file = "zipp-3.15.0.tar.gz", hash = "sha256:112929ad649da941c23de50f356a2b5570c954b65150642bccdd66bf194d224b"},
]

[package.extras]
docs = ["furo", "jaraco.packaging (>=9)", "jaraco.tidelift (>=1.4)", "rst.linker (>=1.9)", "sphinx (>=3.5)", "sphinx-lint"]
testing = ["big-O", "flake8 (<5)", "jaraco.functools", "jaraco.itertools", "more-itertools", "pytest (>=6)", "pytest-black (>=0.3.7)", "pytest-checkdocs (>=2.4)", "pytest-cov", "pytest-enabler (>=1.3)", "pytest-flake8", "pytest-mypy (>=0.9.1)"]

[metadata]
lock-version = "2.0"
python-versions = "^3.8.1"
content-hash = "e7d7d1fc2f12cb02ea7a15bb366a0997fe6d0547903e3ea2e115ee1f23874605"
